// !$*UTF8*$!
{
	archiveVersion = 1;
	classes = {
	};
	objectVersion = 46;
	objects = {

/* Begin PBXBuildFile section */
		AD32FB8B1A2BAC8800E7651B /* AppDelegate.swift in Sources */ = {isa = PBXBuildFile; fileRef = AD32FB8A1A2BAC8800E7651B /* AppDelegate.swift */; };
		AD32FB8D1A2BAC8800E7651B /* ViewController.swift in Sources */ = {isa = PBXBuildFile; fileRef = AD32FB8C1A2BAC8800E7651B /* ViewController.swift */; };
		AD32FB901A2BAC8800E7651B /* Main.storyboard in Resources */ = {isa = PBXBuildFile; fileRef = AD32FB8E1A2BAC8800E7651B /* Main.storyboard */; };
		AD32FB921A2BAC8800E7651B /* Images.xcassets in Resources */ = {isa = PBXBuildFile; fileRef = AD32FB911A2BAC8800E7651B /* Images.xcassets */; };
		AD32FB951A2BAC8800E7651B /* LaunchScreen.xib in Resources */ = {isa = PBXBuildFile; fileRef = AD32FB931A2BAC8800E7651B /* LaunchScreen.xib */; };
		AD32FBA11A2BAC8800E7651B /* ShoeConverterTests.swift in Sources */ = {isa = PBXBuildFile; fileRef = AD32FBA01A2BAC8800E7651B /* ShoeConverterTests.swift */; };
/* End PBXBuildFile section */

/* Begin PBXContainerItemProxy section */
		AD32FB9B1A2BAC8800E7651B /* PBXContainerItemProxy */ = {
			isa = PBXContainerItemProxy;
			containerPortal = AD32FB7D1A2BAC8800E7651B /* Project object */;
			proxyType = 1;
			remoteGlobalIDString = AD32FB841A2BAC8800E7651B;
			remoteInfo = ShoeConverter;
		};
/* End PBXContainerItemProxy section */

/* Begin PBXFileReference section */
		AD32FB851A2BAC8800E7651B /* ShoeConverter.app */ = {isa = PBXFileReference; explicitFileType = wrapper.application; includeInIndex = 0; path = ShoeConverter.app; sourceTree = BUILT_PRODUCTS_DIR; };
		AD32FB891A2BAC8800E7651B /* Info.plist */ = {isa = PBXFileReference; lastKnownFileType = text.plist.xml; path = Info.plist; sourceTree = "<group>"; };
		AD32FB8A1A2BAC8800E7651B /* AppDelegate.swift */ = {isa = PBXFileReference; lastKnownFileType = sourcecode.swift; path = AppDelegate.swift; sourceTree = "<group>"; };
		AD32FB8C1A2BAC8800E7651B /* ViewController.swift */ = {isa = PBXFileReference; lastKnownFileType = sourcecode.swift; path = ViewController.swift; sourceTree = "<group>"; };
		AD32FB8F1A2BAC8800E7651B /* Base */ = {isa = PBXFileReference; lastKnownFileType = file.storyboard; name = Base; path = Base.lproj/Main.storyboard; sourceTree = "<group>"; };
		AD32FB911A2BAC8800E7651B /* Images.xcassets */ = {isa = PBXFileReference; lastKnownFileType = folder.assetcatalog; path = Images.xcassets; sourceTree = "<group>"; };
		AD32FB941A2BAC8800E7651B /* Base */ = {isa = PBXFileReference; lastKnownFileType = file.xib; name = Base; path = Base.lproj/LaunchScreen.xib; sourceTree = "<group>"; };
		AD32FB9A1A2BAC8800E7651B /* ShoeConverterTests.xctest */ = {isa = PBXFileReference; explicitFileType = wrapper.cfbundle; includeInIndex = 0; path = ShoeConverterTests.xctest; sourceTree = BUILT_PRODUCTS_DIR; };
		AD32FB9F1A2BAC8800E7651B /* Info.plist */ = {isa = PBXFileReference; lastKnownFileType = text.plist.xml; path = Info.plist; sourceTree = "<group>"; };
		AD32FBA01A2BAC8800E7651B /* ShoeConverterTests.swift */ = {isa = PBXFileReference; lastKnownFileType = sourcecode.swift; path = ShoeConverterTests.swift; sourceTree = "<group>"; };
/* End PBXFileReference section */

/* Begin PBXFrameworksBuildPhase section */
		AD32FB821A2BAC8800E7651B /* Frameworks */ = {
			isa = PBXFrameworksBuildPhase;
			buildActionMask = 2147483647;
			files = (
			);
			runOnlyForDeploymentPostprocessing = 0;
		};
		AD32FB971A2BAC8800E7651B /* Frameworks */ = {
			isa = PBXFrameworksBuildPhase;
			buildActionMask = 2147483647;
			files = (
			);
			runOnlyForDeploymentPostprocessing = 0;
		};
/* End PBXFrameworksBuildPhase section */

/* Begin PBXGroup section */
		AD32FB7C1A2BAC8800E7651B = {
			isa = PBXGroup;
			children = (
				AD32FB871A2BAC8800E7651B /* ShoeConverter */,
				AD32FB9D1A2BAC8800E7651B /* ShoeConverterTests */,
				AD32FB861A2BAC8800E7651B /* Products */,
			);
			sourceTree = "<group>";
		};
		AD32FB861A2BAC8800E7651B /* Products */ = {
			isa = PBXGroup;
			children = (
				AD32FB851A2BAC8800E7651B /* ShoeConverter.app */,
				AD32FB9A1A2BAC8800E7651B /* ShoeConverterTests.xctest */,
			);
			name = Products;
			sourceTree = "<group>";
		};
		AD32FB871A2BAC8800E7651B /* ShoeConverter */ = {
			isa = PBXGroup;
			children = (
				AD32FB8A1A2BAC8800E7651B /* AppDelegate.swift */,
				AD32FB8C1A2BAC8800E7651B /* ViewController.swift */,
				AD32FB8E1A2BAC8800E7651B /* Main.storyboard */,
				AD32FB911A2BAC8800E7651B /* Images.xcassets */,
				AD32FB931A2BAC8800E7651B /* LaunchScreen.xib */,
				AD32FB881A2BAC8800E7651B /* Supporting Files */,
			);
			path = ShoeConverter;
			sourceTree = "<group>";
		};
		AD32FB881A2BAC8800E7651B /* Supporting Files */ = {
			isa = PBXGroup;
			children = (
				AD32FB891A2BAC8800E7651B /* Info.plist */,
			);
			name = "Supporting Files";
			sourceTree = "<group>";
		};
		AD32FB9D1A2BAC8800E7651B /* ShoeConverterTests */ = {
			isa = PBXGroup;
			children = (
				AD32FBA01A2BAC8800E7651B /* ShoeConverterTests.swift */,
				AD32FB9E1A2BAC8800E7651B /* Supporting Files */,
			);
			path = ShoeConverterTests;
			sourceTree = "<group>";
		};
		AD32FB9E1A2BAC8800E7651B /* Supporting Files */ = {
			isa = PBXGroup;
			children = (
				AD32FB9F1A2BAC8800E7651B /* Info.plist */,
			);
			name = "Supporting Files";
			sourceTree = "<group>";
		};
/* End PBXGroup section */

/* Begin PBXNativeTarget section */
		AD32FB841A2BAC8800E7651B /* ShoeConverter */ = {
			isa = PBXNativeTarget;
			buildConfigurationList = AD32FBA41A2BAC8800E7651B /* Build configuration list for PBXNativeTarget "ShoeConverter" */;
			buildPhases = (
				AD32FB811A2BAC8800E7651B /* Sources */,
				AD32FB821A2BAC8800E7651B /* Frameworks */,
				AD32FB831A2BAC8800E7651B /* Resources */,
			);
			buildRules = (
			);
			dependencies = (
			);
			name = ShoeConverter;
			productName = ShoeConverter;
			productReference = AD32FB851A2BAC8800E7651B /* ShoeConverter.app */;
			productType = "com.apple.product-type.application";
		};
		AD32FB991A2BAC8800E7651B /* ShoeConverterTests */ = {
			isa = PBXNativeTarget;
			buildConfigurationList = AD32FBA71A2BAC8800E7651B /* Build configuration list for PBXNativeTarget "ShoeConverterTests" */;
			buildPhases = (
				AD32FB961A2BAC8800E7651B /* Sources */,
				AD32FB971A2BAC8800E7651B /* Frameworks */,
				AD32FB981A2BAC8800E7651B /* Resources */,
			);
			buildRules = (
			);
			dependencies = (
				AD32FB9C1A2BAC8800E7651B /* PBXTargetDependency */,
			);
			name = ShoeConverterTests;
			productName = ShoeConverterTests;
			productReference = AD32FB9A1A2BAC8800E7651B /* ShoeConverterTests.xctest */;
			productType = "com.apple.product-type.bundle.unit-test";
		};
/* End PBXNativeTarget section */

/* Begin PBXProject section */
		AD32FB7D1A2BAC8800E7651B /* Project object */ = {
			isa = PBXProject;
			attributes = {
				LastUpgradeCheck = 0610;
				ORGANIZATIONNAME = "Alberto Garrido";
				TargetAttributes = {
					AD32FB841A2BAC8800E7651B = {
						CreatedOnToolsVersion = 6.1;
					};
					AD32FB991A2BAC8800E7651B = {
						CreatedOnToolsVersion = 6.1;
						TestTargetID = AD32FB841A2BAC8800E7651B;
					};
				};
			};
			buildConfigurationList = AD32FB801A2BAC8800E7651B /* Build configuration list for PBXProject "ShoeConverter" */;
			compatibilityVersion = "Xcode 3.2";
			developmentRegion = English;
			hasScannedForEncodings = 0;
			knownRegions = (
				en,
				Base,
			);
			mainGroup = AD32FB7C1A2BAC8800E7651B;
			productRefGroup = AD32FB861A2BAC8800E7651B /* Products */;
			projectDirPath = "";
			projectRoot = "";
			targets = (
				AD32FB841A2BAC8800E7651B /* ShoeConverter */,
				AD32FB991A2BAC8800E7651B /* ShoeConverterTests */,
			);
		};
/* End PBXProject section */

/* Begin PBXResourcesBuildPhase section */
		AD32FB831A2BAC8800E7651B /* Resources */ = {
			isa = PBXResourcesBuildPhase;
			buildActionMask = 2147483647;
			files = (
				AD32FB901A2BAC8800E7651B /* Main.storyboard in Resources */,
				AD32FB951A2BAC8800E7651B /* LaunchScreen.xib in Resources */,
				AD32FB921A2BAC8800E7651B /* Images.xcassets in Resources */,
			);
			runOnlyForDeploymentPostprocessing = 0;
		};
		AD32FB981A2BAC8800E7651B /* Resources */ = {
			isa = PBXResourcesBuildPhase;
			buildActionMask = 2147483647;
			files = (
			);
			runOnlyForDeploymentPostprocessing = 0;
		};
/* End PBXResourcesBuildPhase section */

/* Begin PBXSourcesBuildPhase section */
		AD32FB811A2BAC8800E7651B /* Sources */ = {
			isa = PBXSourcesBuildPhase;
			buildActionMask = 2147483647;
			files = (
				AD32FB8D1A2BAC8800E7651B /* ViewController.swift in Sources */,
				AD32FB8B1A2BAC8800E7651B /* AppDelegate.swift in Sources */,
			);
			runOnlyForDeploymentPostprocessing = 0;
		};
		AD32FB961A2BAC8800E7651B /* Sources */ = {
			isa = PBXSourcesBuildPhase;
			buildActionMask = 2147483647;
			files = (
				AD32FBA11A2BAC8800E7651B /* ShoeConverterTests.swift in Sources */,
			);
			runOnlyForDeploymentPostprocessing = 0;
		};
/* End PBXSourcesBuildPhase section */

/* Begin PBXTargetDependency section */
		AD32FB9C1A2BAC8800E7651B /* PBXTargetDependency */ = {
			isa = PBXTargetDependency;
			target = AD32FB841A2BAC8800E7651B /* ShoeConverter */;
			targetProxy = AD32FB9B1A2BAC8800E7651B /* PBXContainerItemProxy */;
		};
/* End PBXTargetDependency section */

/* Begin PBXVariantGroup section */
		AD32FB8E1A2BAC8800E7651B /* Main.storyboard */ = {
			isa = PBXVariantGroup;
			children = (
				AD32FB8F1A2BAC8800E7651B /* Base */,
			);
			name = Main.storyboard;
			sourceTree = "<group>";
		};
		AD32FB931A2BAC8800E7651B /* LaunchScreen.xib */ = {
			isa = PBXVariantGroup;
			children = (
				AD32FB941A2BAC8800E7651B /* Base */,
			);
			name = LaunchScreen.xib;
			sourceTree = "<group>";
		};
/* End PBXVariantGroup section */

/* Begin XCBuildConfiguration section */
		AD32FBA21A2BAC8800E7651B /* Debug */ = {
			isa = XCBuildConfiguration;
			buildSettings = {
				ALWAYS_SEARCH_USER_PATHS = NO;
				CLANG_CXX_LANGUAGE_STANDARD = "gnu++0x";
				CLANG_CXX_LIBRARY = "libc++";
				CLANG_ENABLE_MODULES = YES;
				CLANG_ENABLE_OBJC_ARC = YES;
				CLANG_WARN_BOOL_CONVERSION = YES;
				CLANG_WARN_CONSTANT_CONVERSION = YES;
				CLANG_WARN_DIRECT_OBJC_ISA_USAGE = YES_ERROR;
				CLANG_WARN_EMPTY_BODY = YES;
				CLANG_WARN_ENUM_CONVERSION = YES;
				CLANG_WARN_INT_CONVERSION = YES;
				CLANG_WARN_OBJC_ROOT_CLASS = YES_ERROR;
				CLANG_WARN_UNREACHABLE_CODE = YES;
				CLANG_WARN__DUPLICATE_METHOD_MATCH = YES;
				"CODE_SIGN_IDENTITY[sdk=iphoneos*]" = "iPhone Developer";
				COPY_PHASE_STRIP = NO;
				ENABLE_STRICT_OBJC_MSGSEND = YES;
				GCC_C_LANGUAGE_STANDARD = gnu99;
				GCC_DYNAMIC_NO_PIC = NO;
				GCC_OPTIMIZATION_LEVEL = 0;
				GCC_PREPROCESSOR_DEFINITIONS = (
					"DEBUG=1",
					"$(inherited)",
				);
				GCC_SYMBOLS_PRIVATE_EXTERN = NO;
				GCC_WARN_64_TO_32_BIT_CONVERSION = YES;
				GCC_WARN_ABOUT_RETURN_TYPE = YES_ERROR;
				GCC_WARN_UNDECLARED_SELECTOR = YES;
				GCC_WARN_UNINITIALIZED_AUTOS = YES_AGGRESSIVE;
				GCC_WARN_UNUSED_FUNCTION = YES;
				GCC_WARN_UNUSED_VARIABLE = YES;
				IPHONEOS_DEPLOYMENT_TARGET = 8.1;
				MTL_ENABLE_DEBUG_INFO = YES;
				ONLY_ACTIVE_ARCH = YES;
				SDKROOT = iphoneos;
				SWIFT_OPTIMIZATION_LEVEL = "-Onone";
				TARGETED_DEVICE_FAMILY = "1,2";
			};
			name = Debug;
		};
		AD32FBA31A2BAC8800E7651B /* Release */ = {
			isa = XCBuildConfiguration;
			buildSettings = {
				ALWAYS_SEARCH_USER_PATHS = NO;
				CLANG_CXX_LANGUAGE_STANDARD = "gnu++0x";
				CLANG_CXX_LIBRARY = "libc++";
				CLANG_ENABLE_MODULES = YES;
				CLANG_ENABLE_OBJC_ARC = YES;
				CLANG_WARN_BOOL_CONVERSION = YES;
				CLANG_WARN_CONSTANT_CONVERSION = YES;
				CLANG_WARN_DIRECT_OBJC_ISA_USAGE = YES_ERROR;
				CLANG_WARN_EMPTY_BODY = YES;
				CLANG_WARN_ENUM_CONVERSION = YES;
				CLANG_WARN_INT_CONVERSION = YES;
				CLANG_WARN_OBJC_ROOT_CLASS = YES_ERROR;
				CLANG_WARN_UNREACHABLE_CODE = YES;
				CLANG_WARN__DUPLICATE_METHOD_MATCH = YES;
				"CODE_SIGN_IDENTITY[sdk=iphoneos*]" = "iPhone Developer";
				COPY_PHASE_STRIP = YES;
				ENABLE_NS_ASSERTIONS = NO;
				ENABLE_STRICT_OBJC_MSGSEND = YES;
				GCC_C_LANGUAGE_STANDARD = gnu99;
				GCC_WARN_64_TO_32_BIT_CONVERSION = YES;
				GCC_WARN_ABOUT_RETURN_TYPE = YES_ERROR;
				GCC_WARN_UNDECLARED_SELECTOR = YES;
				GCC_WARN_UNINITIALIZED_AUTOS = YES_AGGRESSIVE;
				GCC_WARN_UNUSED_FUNCTION = YES;
				GCC_WARN_UNUSED_VARIABLE = YES;
				IPHONEOS_DEPLOYMENT_TARGET = 8.1;
				MTL_ENABLE_DEBUG_INFO = NO;
				SDKROOT = iphoneos;
				TARGETED_DEVICE_FAMILY = "1,2";
				VALIDATE_PRODUCT = YES;
			};
			name = Release;
		};
		AD32FBA51A2BAC8800E7651B /* Debug */ = {
			isa = XCBuildConfiguration;
			buildSettings = {
				ASSETCATALOG_COMPILER_APPICON_NAME = AppIcon;
				INFOPLIST_FILE = ShoeConverter/Info.plist;
				LD_RUNPATH_SEARCH_PATHS = "$(inherited) @executable_path/Frameworks";
				PRODUCT_NAME = "$(TARGET_NAME)";
			};
			name = Debug;
		};
		AD32FBA61A2BAC8800E7651B /* Release */ = {
			isa = XCBuildConfiguration;
			buildSettings = {
				ASSETCATALOG_COMPILER_APPICON_NAME = AppIcon;
				INFOPLIST_FILE = ShoeConverter/Info.plist;
				LD_RUNPATH_SEARCH_PATHS = "$(inherited) @executable_path/Frameworks";
				PRODUCT_NAME = "$(TARGET_NAME)";
			};
			name = Release;
		};
		AD32FBA81A2BAC8800E7651B /* Debug */ = {
			isa = XCBuildConfiguration;
			buildSettings = {
				BUNDLE_LOADER = "$(TEST_HOST)";
				FRAMEWORK_SEARCH_PATHS = (
					"$(SDKROOT)/Developer/Library/Frameworks",
					"$(inherited)",
				);
				GCC_PREPROCESSOR_DEFINITIONS = (
					"DEBUG=1",
					"$(inherited)",
				);
				INFOPLIST_FILE = ShoeConverterTests/Info.plist;
				LD_RUNPATH_SEARCH_PATHS = "$(inherited) @executable_path/Frameworks @loader_path/Frameworks";
				PRODUCT_NAME = "$(TARGET_NAME)";
				TEST_HOST = "$(BUILT_PRODUCTS_DIR)/ShoeConverter.app/ShoeConverter";
			};
			name = Debug;
		};
		AD32FBA91A2BAC8800E7651B /* Release */ = {
			isa = XCBuildConfiguration;
			buildSettings = {
				BUNDLE_LOADER = "$(TEST_HOST)";
				FRAMEWORK_SEARCH_PATHS = (
					"$(SDKROOT)/Developer/Library/Frameworks",
					"$(inherited)",
				);
				INFOPLIST_FILE = ShoeConverterTests/Info.plist;
				LD_RUNPATH_SEARCH_PATHS = "$(inherited) @executable_path/Frameworks @loader_path/Frameworks";
				PRODUCT_NAME = "$(TARGET_NAME)";
				TEST_HOST = "$(BUILT_PRODUCTS_DIR)/ShoeConverter.app/ShoeConverter";
			};
			name = Release;
		};
/* End XCBuildConfiguration section */

/* Begin XCConfigurationList section */
		AD32FB801A2BAC8800E7651B /* Build configuration list for PBXProject "ShoeConverter" */ = {
			isa = XCConfigurationList;
			buildConfigurations = (
				AD32FBA21A2BAC8800E7651B /* Debug */,
				AD32FBA31A2BAC8800E7651B /* Release */,
			);
			defaultConfigurationIsVisible = 0;
			defaultConfigurationName = Release;
		};
		AD32FBA41A2BAC8800E7651B /* Build configuration list for PBXNativeTarget "ShoeConverter" */ = {
			isa = XCConfigurationList;
			buildConfigurations = (
				AD32FBA51A2BAC8800E7651B /* Debug */,
				AD32FBA61A2BAC8800E7651B /* Release */,
			);
			defaultConfigurationIsVisible = 0;
		};
		AD32FBA71A2BAC8800E7651B /* Build configuration list for PBXNativeTarget "ShoeConverterTests" */ = {
			isa = XCConfigurationList;
			buildConfigurations = (
				AD32FBA81A2BAC8800E7651B /* Debug */,
				AD32FBA91A2BAC8800E7651B /* Release */,
			);
			defaultConfigurationIsVisible = 0;
		};
/* End XCConfigurationList section */
	};
	rootObject = AD32FB7D1A2BAC8800E7651B /* Project object */;
}
