// !$*UTF8*$!
{
	archiveVersion = 1;
	classes = {
	};
	objectVersion = 46;
	objects = {

/* Begin PBXBuildFile section */
		ADDD6A7F1AF62F6F000DF1CC /* AppDelegate.swift in Sources */ = {isa = PBXBuildFile; fileRef = ADDD6A7E1AF62F6F000DF1CC /* AppDelegate.swift */; };
		ADDD6A811AF62F6F000DF1CC /* ViewController.swift in Sources */ = {isa = PBXBuildFile; fileRef = ADDD6A801AF62F6F000DF1CC /* ViewController.swift */; };
		ADDD6A841AF62F6F000DF1CC /* Main.storyboard in Resources */ = {isa = PBXBuildFile; fileRef = ADDD6A821AF62F6F000DF1CC /* Main.storyboard */; };
		ADDD6A861AF62F6F000DF1CC /* Images.xcassets in Resources */ = {isa = PBXBuildFile; fileRef = ADDD6A851AF62F6F000DF1CC /* Images.xcassets */; };
		ADDD6A891AF62F6F000DF1CC /* LaunchScreen.xib in Resources */ = {isa = PBXBuildFile; fileRef = ADDD6A871AF62F6F000DF1CC /* LaunchScreen.xib */; };
		ADDD6A951AF62F6F000DF1CC /* challenge99RedBalloonsTests.swift in Sources */ = {isa = PBXBuildFile; fileRef = ADDD6A941AF62F6F000DF1CC /* challenge99RedBalloonsTests.swift */; };
		ADDD6AA41AF63167000DF1CC /* BerlinTVTower.jpg in Resources */ = {isa = PBXBuildFile; fileRef = ADDD6A9F1AF63167000DF1CC /* BerlinTVTower.jpg */; };
		ADDD6AA51AF63167000DF1CC /* RedBalloon1.jpg in Resources */ = {isa = PBXBuildFile; fileRef = ADDD6AA01AF63167000DF1CC /* RedBalloon1.jpg */; };
		ADDD6AA61AF63167000DF1CC /* RedBalloon2.jpg in Resources */ = {isa = PBXBuildFile; fileRef = ADDD6AA11AF63167000DF1CC /* RedBalloon2.jpg */; };
		ADDD6AA71AF63167000DF1CC /* RedBalloon3.jpg in Resources */ = {isa = PBXBuildFile; fileRef = ADDD6AA21AF63167000DF1CC /* RedBalloon3.jpg */; };
		ADDD6AA81AF63167000DF1CC /* RedBalloon4.jpg in Resources */ = {isa = PBXBuildFile; fileRef = ADDD6AA31AF63167000DF1CC /* RedBalloon4.jpg */; };
		ADDD6AAA1AF633A1000DF1CC /* Balloon.swift in Sources */ = {isa = PBXBuildFile; fileRef = ADDD6AA91AF633A1000DF1CC /* Balloon.swift */; };
/* End PBXBuildFile section */

/* Begin PBXContainerItemProxy section */
		ADDD6A8F1AF62F6F000DF1CC /* PBXContainerItemProxy */ = {
			isa = PBXContainerItemProxy;
			containerPortal = ADDD6A711AF62F6E000DF1CC /* Project object */;
			proxyType = 1;
			remoteGlobalIDString = ADDD6A781AF62F6F000DF1CC;
			remoteInfo = challenge99RedBalloons;
		};
/* End PBXContainerItemProxy section */

/* Begin PBXFileReference section */
		ADDD6A791AF62F6F000DF1CC /* challenge99RedBalloons.app */ = {isa = PBXFileReference; explicitFileType = wrapper.application; includeInIndex = 0; path = challenge99RedBalloons.app; sourceTree = BUILT_PRODUCTS_DIR; };
		ADDD6A7D1AF62F6F000DF1CC /* Info.plist */ = {isa = PBXFileReference; lastKnownFileType = text.plist.xml; path = Info.plist; sourceTree = "<group>"; };
		ADDD6A7E1AF62F6F000DF1CC /* AppDelegate.swift */ = {isa = PBXFileReference; lastKnownFileType = sourcecode.swift; path = AppDelegate.swift; sourceTree = "<group>"; };
		ADDD6A801AF62F6F000DF1CC /* ViewController.swift */ = {isa = PBXFileReference; lastKnownFileType = sourcecode.swift; path = ViewController.swift; sourceTree = "<group>"; };
		ADDD6A831AF62F6F000DF1CC /* Base */ = {isa = PBXFileReference; lastKnownFileType = file.storyboard; name = Base; path = Base.lproj/Main.storyboard; sourceTree = "<group>"; };
		ADDD6A851AF62F6F000DF1CC /* Images.xcassets */ = {isa = PBXFileReference; lastKnownFileType = folder.assetcatalog; path = Images.xcassets; sourceTree = "<group>"; };
		ADDD6A881AF62F6F000DF1CC /* Base */ = {isa = PBXFileReference; lastKnownFileType = file.xib; name = Base; path = Base.lproj/LaunchScreen.xib; sourceTree = "<group>"; };
		ADDD6A8E1AF62F6F000DF1CC /* challenge99RedBalloonsTests.xctest */ = {isa = PBXFileReference; explicitFileType = wrapper.cfbundle; includeInIndex = 0; path = challenge99RedBalloonsTests.xctest; sourceTree = BUILT_PRODUCTS_DIR; };
		ADDD6A931AF62F6F000DF1CC /* Info.plist */ = {isa = PBXFileReference; lastKnownFileType = text.plist.xml; path = Info.plist; sourceTree = "<group>"; };
		ADDD6A941AF62F6F000DF1CC /* challenge99RedBalloonsTests.swift */ = {isa = PBXFileReference; lastKnownFileType = sourcecode.swift; path = challenge99RedBalloonsTests.swift; sourceTree = "<group>"; };
		ADDD6A9F1AF63167000DF1CC /* BerlinTVTower.jpg */ = {isa = PBXFileReference; lastKnownFileType = image.jpeg; path = BerlinTVTower.jpg; sourceTree = "<group>"; };
		ADDD6AA01AF63167000DF1CC /* RedBalloon1.jpg */ = {isa = PBXFileReference; lastKnownFileType = image.jpeg; path = RedBalloon1.jpg; sourceTree = "<group>"; };
		ADDD6AA11AF63167000DF1CC /* RedBalloon2.jpg */ = {isa = PBXFileReference; lastKnownFileType = image.jpeg; path = RedBalloon2.jpg; sourceTree = "<group>"; };
		ADDD6AA21AF63167000DF1CC /* RedBalloon3.jpg */ = {isa = PBXFileReference; lastKnownFileType = image.jpeg; path = RedBalloon3.jpg; sourceTree = "<group>"; };
		ADDD6AA31AF63167000DF1CC /* RedBalloon4.jpg */ = {isa = PBXFileReference; lastKnownFileType = image.jpeg; path = RedBalloon4.jpg; sourceTree = "<group>"; };
		ADDD6AA91AF633A1000DF1CC /* Balloon.swift */ = {isa = PBXFileReference; fileEncoding = 4; lastKnownFileType = sourcecode.swift; path = Balloon.swift; sourceTree = "<group>"; };
/* End PBXFileReference section */

/* Begin PBXFrameworksBuildPhase section */
		ADDD6A761AF62F6F000DF1CC /* Frameworks */ = {
			isa = PBXFrameworksBuildPhase;
			buildActionMask = 2147483647;
			files = (
			);
			runOnlyForDeploymentPostprocessing = 0;
		};
		ADDD6A8B1AF62F6F000DF1CC /* Frameworks */ = {
			isa = PBXFrameworksBuildPhase;
			buildActionMask = 2147483647;
			files = (
			);
			runOnlyForDeploymentPostprocessing = 0;
		};
/* End PBXFrameworksBuildPhase section */

/* Begin PBXGroup section */
		ADDD6A701AF62F6E000DF1CC = {
			isa = PBXGroup;
			children = (
				ADDD6A7B1AF62F6F000DF1CC /* challenge99RedBalloons */,
				ADDD6A911AF62F6F000DF1CC /* challenge99RedBalloonsTests */,
				ADDD6A7A1AF62F6F000DF1CC /* Products */,
			);
			sourceTree = "<group>";
		};
		ADDD6A7A1AF62F6F000DF1CC /* Products */ = {
			isa = PBXGroup;
			children = (
				ADDD6A791AF62F6F000DF1CC /* challenge99RedBalloons.app */,
				ADDD6A8E1AF62F6F000DF1CC /* challenge99RedBalloonsTests.xctest */,
			);
			name = Products;
			sourceTree = "<group>";
		};
		ADDD6A7B1AF62F6F000DF1CC /* challenge99RedBalloons */ = {
			isa = PBXGroup;
			children = (
				ADDD6A7E1AF62F6F000DF1CC /* AppDelegate.swift */,
				ADDD6A801AF62F6F000DF1CC /* ViewController.swift */,
				ADDD6AA91AF633A1000DF1CC /* Balloon.swift */,
				ADDD6A821AF62F6F000DF1CC /* Main.storyboard */,
				ADDD6A851AF62F6F000DF1CC /* Images.xcassets */,
				ADDD6A871AF62F6F000DF1CC /* LaunchScreen.xib */,
				ADDD6A7C1AF62F6F000DF1CC /* Supporting Files */,
			);
			path = challenge99RedBalloons;
			sourceTree = "<group>";
		};
		ADDD6A7C1AF62F6F000DF1CC /* Supporting Files */ = {
			isa = PBXGroup;
			children = (
				ADDD6A9E1AF63167000DF1CC /* 99RedBalloonsAssets */,
				ADDD6A7D1AF62F6F000DF1CC /* Info.plist */,
			);
			name = "Supporting Files";
			sourceTree = "<group>";
		};
		ADDD6A911AF62F6F000DF1CC /* challenge99RedBalloonsTests */ = {
			isa = PBXGroup;
			children = (
				ADDD6A941AF62F6F000DF1CC /* challenge99RedBalloonsTests.swift */,
				ADDD6A921AF62F6F000DF1CC /* Supporting Files */,
			);
			path = challenge99RedBalloonsTests;
			sourceTree = "<group>";
		};
		ADDD6A921AF62F6F000DF1CC /* Supporting Files */ = {
			isa = PBXGroup;
			children = (
				ADDD6A931AF62F6F000DF1CC /* Info.plist */,
			);
			name = "Supporting Files";
			sourceTree = "<group>";
		};
		ADDD6A9E1AF63167000DF1CC /* 99RedBalloonsAssets */ = {
			isa = PBXGroup;
			children = (
				ADDD6A9F1AF63167000DF1CC /* BerlinTVTower.jpg */,
				ADDD6AA01AF63167000DF1CC /* RedBalloon1.jpg */,
				ADDD6AA11AF63167000DF1CC /* RedBalloon2.jpg */,
				ADDD6AA21AF63167000DF1CC /* RedBalloon3.jpg */,
				ADDD6AA31AF63167000DF1CC /* RedBalloon4.jpg */,
			);
			path = 99RedBalloonsAssets;
			sourceTree = "<group>";
		};
/* End PBXGroup section */

/* Begin PBXNativeTarget section */
		ADDD6A781AF62F6F000DF1CC /* challenge99RedBalloons */ = {
			isa = PBXNativeTarget;
			buildConfigurationList = ADDD6A981AF62F6F000DF1CC /* Build configuration list for PBXNativeTarget "challenge99RedBalloons" */;
			buildPhases = (
				ADDD6A751AF62F6F000DF1CC /* Sources */,
				ADDD6A761AF62F6F000DF1CC /* Frameworks */,
				ADDD6A771AF62F6F000DF1CC /* Resources */,
			);
			buildRules = (
			);
			dependencies = (
			);
			name = challenge99RedBalloons;
			productName = challenge99RedBalloons;
			productReference = ADDD6A791AF62F6F000DF1CC /* challenge99RedBalloons.app */;
			productType = "com.apple.product-type.application";
		};
		ADDD6A8D1AF62F6F000DF1CC /* challenge99RedBalloonsTests */ = {
			isa = PBXNativeTarget;
			buildConfigurationList = ADDD6A9B1AF62F6F000DF1CC /* Build configuration list for PBXNativeTarget "challenge99RedBalloonsTests" */;
			buildPhases = (
				ADDD6A8A1AF62F6F000DF1CC /* Sources */,
				ADDD6A8B1AF62F6F000DF1CC /* Frameworks */,
				ADDD6A8C1AF62F6F000DF1CC /* Resources */,
			);
			buildRules = (
			);
			dependencies = (
				ADDD6A901AF62F6F000DF1CC /* PBXTargetDependency */,
			);
			name = challenge99RedBalloonsTests;
			productName = challenge99RedBalloonsTests;
			productReference = ADDD6A8E1AF62F6F000DF1CC /* challenge99RedBalloonsTests.xctest */;
			productType = "com.apple.product-type.bundle.unit-test";
		};
/* End PBXNativeTarget section */

/* Begin PBXProject section */
		ADDD6A711AF62F6E000DF1CC /* Project object */ = {
			isa = PBXProject;
			attributes = {
				LastUpgradeCheck = 0630;
				ORGANIZATIONNAME = "Alberto Garrido";
				TargetAttributes = {
					ADDD6A781AF62F6F000DF1CC = {
						CreatedOnToolsVersion = 6.3.1;
					};
					ADDD6A8D1AF62F6F000DF1CC = {
						CreatedOnToolsVersion = 6.3.1;
						TestTargetID = ADDD6A781AF62F6F000DF1CC;
					};
				};
			};
			buildConfigurationList = ADDD6A741AF62F6F000DF1CC /* Build configuration list for PBXProject "challenge99RedBalloons" */;
			compatibilityVersion = "Xcode 3.2";
			developmentRegion = English;
			hasScannedForEncodings = 0;
			knownRegions = (
				en,
				Base,
			);
			mainGroup = ADDD6A701AF62F6E000DF1CC;
			productRefGroup = ADDD6A7A1AF62F6F000DF1CC /* Products */;
			projectDirPath = "";
			projectRoot = "";
			targets = (
				ADDD6A781AF62F6F000DF1CC /* challenge99RedBalloons */,
				ADDD6A8D1AF62F6F000DF1CC /* challenge99RedBalloonsTests */,
			);
		};
/* End PBXProject section */

/* Begin PBXResourcesBuildPhase section */
		ADDD6A771AF62F6F000DF1CC /* Resources */ = {
			isa = PBXResourcesBuildPhase;
			buildActionMask = 2147483647;
			files = (
				ADDD6AA61AF63167000DF1CC /* RedBalloon2.jpg in Resources */,
				ADDD6A841AF62F6F000DF1CC /* Main.storyboard in Resources */,
				ADDD6AA71AF63167000DF1CC /* RedBalloon3.jpg in Resources */,
				ADDD6A891AF62F6F000DF1CC /* LaunchScreen.xib in Resources */,
				ADDD6AA81AF63167000DF1CC /* RedBalloon4.jpg in Resources */,
				ADDD6A861AF62F6F000DF1CC /* Images.xcassets in Resources */,
				ADDD6AA51AF63167000DF1CC /* RedBalloon1.jpg in Resources */,
				ADDD6AA41AF63167000DF1CC /* BerlinTVTower.jpg in Resources */,
			);
			runOnlyForDeploymentPostprocessing = 0;
		};
		ADDD6A8C1AF62F6F000DF1CC /* Resources */ = {
			isa = PBXResourcesBuildPhase;
			buildActionMask = 2147483647;
			files = (
			);
			runOnlyForDeploymentPostprocessing = 0;
		};
/* End PBXResourcesBuildPhase section */

/* Begin PBXSourcesBuildPhase section */
		ADDD6A751AF62F6F000DF1CC /* Sources */ = {
			isa = PBXSourcesBuildPhase;
			buildActionMask = 2147483647;
			files = (
				ADDD6A811AF62F6F000DF1CC /* ViewController.swift in Sources */,
				ADDD6AAA1AF633A1000DF1CC /* Balloon.swift in Sources */,
				ADDD6A7F1AF62F6F000DF1CC /* AppDelegate.swift in Sources */,
			);
			runOnlyForDeploymentPostprocessing = 0;
		};
		ADDD6A8A1AF62F6F000DF1CC /* Sources */ = {
			isa = PBXSourcesBuildPhase;
			buildActionMask = 2147483647;
			files = (
				ADDD6A951AF62F6F000DF1CC /* challenge99RedBalloonsTests.swift in Sources */,
			);
			runOnlyForDeploymentPostprocessing = 0;
		};
/* End PBXSourcesBuildPhase section */

/* Begin PBXTargetDependency section */
		ADDD6A901AF62F6F000DF1CC /* PBXTargetDependency */ = {
			isa = PBXTargetDependency;
			target = ADDD6A781AF62F6F000DF1CC /* challenge99RedBalloons */;
			targetProxy = ADDD6A8F1AF62F6F000DF1CC /* PBXContainerItemProxy */;
		};
/* End PBXTargetDependency section */

/* Begin PBXVariantGroup section */
		ADDD6A821AF62F6F000DF1CC /* Main.storyboard */ = {
			isa = PBXVariantGroup;
			children = (
				ADDD6A831AF62F6F000DF1CC /* Base */,
			);
			name = Main.storyboard;
			sourceTree = "<group>";
		};
		ADDD6A871AF62F6F000DF1CC /* LaunchScreen.xib */ = {
			isa = PBXVariantGroup;
			children = (
				ADDD6A881AF62F6F000DF1CC /* Base */,
			);
			name = LaunchScreen.xib;
			sourceTree = "<group>";
		};
/* End PBXVariantGroup section */

/* Begin XCBuildConfiguration section */
		ADDD6A961AF62F6F000DF1CC /* Debug */ = {
			isa = XCBuildConfiguration;
			buildSettings = {
				ALWAYS_SEARCH_USER_PATHS = NO;
				CLANG_CXX_LANGUAGE_STANDARD = "gnu++0x";
				CLANG_CXX_LIBRARY = "libc++";
				CLANG_ENABLE_MODULES = YES;
				CLANG_ENABLE_OBJC_ARC = YES;
				CLANG_WARN_BOOL_CONVERSION = YES;
				CLANG_WARN_CONSTANT_CONVERSION = YES;
				CLANG_WARN_DIRECT_OBJC_ISA_USAGE = YES_ERROR;
				CLANG_WARN_EMPTY_BODY = YES;
				CLANG_WARN_ENUM_CONVERSION = YES;
				CLANG_WARN_INT_CONVERSION = YES;
				CLANG_WARN_OBJC_ROOT_CLASS = YES_ERROR;
				CLANG_WARN_UNREACHABLE_CODE = YES;
				CLANG_WARN__DUPLICATE_METHOD_MATCH = YES;
				"CODE_SIGN_IDENTITY[sdk=iphoneos*]" = "iPhone Developer";
				COPY_PHASE_STRIP = NO;
				DEBUG_INFORMATION_FORMAT = "dwarf-with-dsym";
				ENABLE_STRICT_OBJC_MSGSEND = YES;
				GCC_C_LANGUAGE_STANDARD = gnu99;
				GCC_DYNAMIC_NO_PIC = NO;
				GCC_NO_COMMON_BLOCKS = YES;
				GCC_OPTIMIZATION_LEVEL = 0;
				GCC_PREPROCESSOR_DEFINITIONS = (
					"DEBUG=1",
					"$(inherited)",
				);
				GCC_SYMBOLS_PRIVATE_EXTERN = NO;
				GCC_WARN_64_TO_32_BIT_CONVERSION = YES;
				GCC_WARN_ABOUT_RETURN_TYPE = YES_ERROR;
				GCC_WARN_UNDECLARED_SELECTOR = YES;
				GCC_WARN_UNINITIALIZED_AUTOS = YES_AGGRESSIVE;
				GCC_WARN_UNUSED_FUNCTION = YES;
				GCC_WARN_UNUSED_VARIABLE = YES;
				IPHONEOS_DEPLOYMENT_TARGET = 8.3;
				MTL_ENABLE_DEBUG_INFO = YES;
				ONLY_ACTIVE_ARCH = YES;
				SDKROOT = iphoneos;
				SWIFT_OPTIMIZATION_LEVEL = "-Onone";
				TARGETED_DEVICE_FAMILY = "1,2";
			};
			name = Debug;
		};
		ADDD6A971AF62F6F000DF1CC /* Release */ = {
			isa = XCBuildConfiguration;
			buildSettings = {
				ALWAYS_SEARCH_USER_PATHS = NO;
				CLANG_CXX_LANGUAGE_STANDARD = "gnu++0x";
				CLANG_CXX_LIBRARY = "libc++";
				CLANG_ENABLE_MODULES = YES;
				CLANG_ENABLE_OBJC_ARC = YES;
				CLANG_WARN_BOOL_CONVERSION = YES;
				CLANG_WARN_CONSTANT_CONVERSION = YES;
				CLANG_WARN_DIRECT_OBJC_ISA_USAGE = YES_ERROR;
				CLANG_WARN_EMPTY_BODY = YES;
				CLANG_WARN_ENUM_CONVERSION = YES;
				CLANG_WARN_INT_CONVERSION = YES;
				CLANG_WARN_OBJC_ROOT_CLASS = YES_ERROR;
				CLANG_WARN_UNREACHABLE_CODE = YES;
				CLANG_WARN__DUPLICATE_METHOD_MATCH = YES;
				"CODE_SIGN_IDENTITY[sdk=iphoneos*]" = "iPhone Developer";
				COPY_PHASE_STRIP = NO;
				DEBUG_INFORMATION_FORMAT = "dwarf-with-dsym";
				ENABLE_NS_ASSERTIONS = NO;
				ENABLE_STRICT_OBJC_MSGSEND = YES;
				GCC_C_LANGUAGE_STANDARD = gnu99;
				GCC_NO_COMMON_BLOCKS = YES;
				GCC_WARN_64_TO_32_BIT_CONVERSION = YES;
				GCC_WARN_ABOUT_RETURN_TYPE = YES_ERROR;
				GCC_WARN_UNDECLARED_SELECTOR = YES;
				GCC_WARN_UNINITIALIZED_AUTOS = YES_AGGRESSIVE;
				GCC_WARN_UNUSED_FUNCTION = YES;
				GCC_WARN_UNUSED_VARIABLE = YES;
				IPHONEOS_DEPLOYMENT_TARGET = 8.3;
				MTL_ENABLE_DEBUG_INFO = NO;
				SDKROOT = iphoneos;
				TARGETED_DEVICE_FAMILY = "1,2";
				VALIDATE_PRODUCT = YES;
			};
			name = Release;
		};
		ADDD6A991AF62F6F000DF1CC /* Debug */ = {
			isa = XCBuildConfiguration;
			buildSettings = {
				ASSETCATALOG_COMPILER_APPICON_NAME = AppIcon;
				INFOPLIST_FILE = challenge99RedBalloons/Info.plist;
				LD_RUNPATH_SEARCH_PATHS = "$(inherited) @executable_path/Frameworks";
				PRODUCT_NAME = "$(TARGET_NAME)";
			};
			name = Debug;
		};
		ADDD6A9A1AF62F6F000DF1CC /* Release */ = {
			isa = XCBuildConfiguration;
			buildSettings = {
				ASSETCATALOG_COMPILER_APPICON_NAME = AppIcon;
				INFOPLIST_FILE = challenge99RedBalloons/Info.plist;
				LD_RUNPATH_SEARCH_PATHS = "$(inherited) @executable_path/Frameworks";
				PRODUCT_NAME = "$(TARGET_NAME)";
			};
			name = Release;
		};
		ADDD6A9C1AF62F6F000DF1CC /* Debug */ = {
			isa = XCBuildConfiguration;
			buildSettings = {
				BUNDLE_LOADER = "$(TEST_HOST)";
				FRAMEWORK_SEARCH_PATHS = (
					"$(SDKROOT)/Developer/Library/Frameworks",
					"$(inherited)",
				);
				GCC_PREPROCESSOR_DEFINITIONS = (
					"DEBUG=1",
					"$(inherited)",
				);
				INFOPLIST_FILE = challenge99RedBalloonsTests/Info.plist;
				LD_RUNPATH_SEARCH_PATHS = "$(inherited) @executable_path/Frameworks @loader_path/Frameworks";
				PRODUCT_NAME = "$(TARGET_NAME)";
				TEST_HOST = "$(BUILT_PRODUCTS_DIR)/challenge99RedBalloons.app/challenge99RedBalloons";
			};
			name = Debug;
		};
		ADDD6A9D1AF62F6F000DF1CC /* Release */ = {
			isa = XCBuildConfiguration;
			buildSettings = {
				BUNDLE_LOADER = "$(TEST_HOST)";
				FRAMEWORK_SEARCH_PATHS = (
					"$(SDKROOT)/Developer/Library/Frameworks",
					"$(inherited)",
				);
				INFOPLIST_FILE = challenge99RedBalloonsTests/Info.plist;
				LD_RUNPATH_SEARCH_PATHS = "$(inherited) @executable_path/Frameworks @loader_path/Frameworks";
				PRODUCT_NAME = "$(TARGET_NAME)";
				TEST_HOST = "$(BUILT_PRODUCTS_DIR)/challenge99RedBalloons.app/challenge99RedBalloons";
			};
			name = Release;
		};
/* End XCBuildConfiguration section */

/* Begin XCConfigurationList section */
		ADDD6A741AF62F6F000DF1CC /* Build configuration list for PBXProject "challenge99RedBalloons" */ = {
			isa = XCConfigurationList;
			buildConfigurations = (
				ADDD6A961AF62F6F000DF1CC /* Debug */,
				ADDD6A971AF62F6F000DF1CC /* Release */,
			);
			defaultConfigurationIsVisible = 0;
			defaultConfigurationName = Release;
		};
		ADDD6A981AF62F6F000DF1CC /* Build configuration list for PBXNativeTarget "challenge99RedBalloons" */ = {
			isa = XCConfigurationList;
			buildConfigurations = (
				ADDD6A991AF62F6F000DF1CC /* Debug */,
				ADDD6A9A1AF62F6F000DF1CC /* Release */,
			);
			defaultConfigurationIsVisible = 0;
		};
		ADDD6A9B1AF62F6F000DF1CC /* Build configuration list for PBXNativeTarget "challenge99RedBalloonsTests" */ = {
			isa = XCConfigurationList;
			buildConfigurations = (
				ADDD6A9C1AF62F6F000DF1CC /* Debug */,
				ADDD6A9D1AF62F6F000DF1CC /* Release */,
			);
			defaultConfigurationIsVisible = 0;
		};
/* End XCConfigurationList section */
	};
	rootObject = ADDD6A711AF62F6E000DF1CC /* Project object */;
}
